// !$*UTF8*$!
{
	archiveVersion = 1;
	classes = {
	};
	objectVersion = 50;
	objects = {

/* Begin PBXBuildFile section */
		CE5A78D62122E0EA00D36B8A /* AppDelegate.swift in Sources */ = {isa = PBXBuildFile; fileRef = CE5A78D52122E0EA00D36B8A /* AppDelegate.swift */; };
		CE5A78D82122E0EA00D36B8A /* ViewController.swift in Sources */ = {isa = PBXBuildFile; fileRef = CE5A78D72122E0EA00D36B8A /* ViewController.swift */; };
		CE5A78DB2122E0EA00D36B8A /* Main.storyboard in Resources */ = {isa = PBXBuildFile; fileRef = CE5A78D92122E0EA00D36B8A /* Main.storyboard */; };
		CE5A78DE2122E0EA00D36B8A /* CardSample.xcdatamodeld in Sources */ = {isa = PBXBuildFile; fileRef = CE5A78DC2122E0EA00D36B8A /* CardSample.xcdatamodeld */; };
		CE5A78E02122E10E00D36B8A /* Assets.xcassets in Resources */ = {isa = PBXBuildFile; fileRef = CE5A78DF2122E10E00D36B8A /* Assets.xcassets */; };
		CE5A78E32122E10E00D36B8A /* LaunchScreen.storyboard in Resources */ = {isa = PBXBuildFile; fileRef = CE5A78E12122E10E00D36B8A /* LaunchScreen.storyboard */; };
		CEB41448212579A8004E373A /* ExpireDateTextField.swift in Sources */ = {isa = PBXBuildFile; fileRef = CEB41447212579A8004E373A /* ExpireDateTextField.swift */; };
/* End PBXBuildFile section */

/* Begin PBXFileReference section */
		CE5A78D22122E0EA00D36B8A /* CardSample.app */ = {isa = PBXFileReference; explicitFileType = wrapper.application; includeInIndex = 0; path = CardSample.app; sourceTree = BUILT_PRODUCTS_DIR; };
		CE5A78D52122E0EA00D36B8A /* AppDelegate.swift */ = {isa = PBXFileReference; lastKnownFileType = sourcecode.swift; path = AppDelegate.swift; sourceTree = "<group>"; };
		CE5A78D72122E0EA00D36B8A /* ViewController.swift */ = {isa = PBXFileReference; lastKnownFileType = sourcecode.swift; path = ViewController.swift; sourceTree = "<group>"; };
		CE5A78DA2122E0EA00D36B8A /* Base */ = {isa = PBXFileReference; lastKnownFileType = file.storyboard; name = Base; path = Base.lproj/Main.storyboard; sourceTree = "<group>"; };
		CE5A78DD2122E0EA00D36B8A /* CardSample.xcdatamodel */ = {isa = PBXFileReference; lastKnownFileType = wrapper.xcdatamodel; path = CardSample.xcdatamodel; sourceTree = "<group>"; };
		CE5A78DF2122E10E00D36B8A /* Assets.xcassets */ = {isa = PBXFileReference; lastKnownFileType = folder.assetcatalog; path = Assets.xcassets; sourceTree = "<group>"; };
		CE5A78E22122E10E00D36B8A /* Base */ = {isa = PBXFileReference; lastKnownFileType = file.storyboard; name = Base; path = Base.lproj/LaunchScreen.storyboard; sourceTree = "<group>"; };
		CE5A78E42122E10E00D36B8A /* Info.plist */ = {isa = PBXFileReference; lastKnownFileType = text.plist.xml; path = Info.plist; sourceTree = "<group>"; };
		CEB41447212579A8004E373A /* ExpireDateTextField.swift */ = {isa = PBXFileReference; lastKnownFileType = sourcecode.swift; path = ExpireDateTextField.swift; sourceTree = "<group>"; };
/* End PBXFileReference section */

/* Begin PBXFrameworksBuildPhase section */
		CE5A78CF2122E0EA00D36B8A /* Frameworks */ = {
			isa = PBXFrameworksBuildPhase;
			buildActionMask = 2147483647;
			files = (
			);
			runOnlyForDeploymentPostprocessing = 0;
		};
/* End PBXFrameworksBuildPhase section */

/* Begin PBXGroup section */
		CE5A78C92122E0EA00D36B8A = {
			isa = PBXGroup;
			children = (
				CE5A78D42122E0EA00D36B8A /* CardSample */,
				CE5A78D32122E0EA00D36B8A /* Products */,
			);
			sourceTree = "<group>";
		};
		CE5A78D32122E0EA00D36B8A /* Products */ = {
			isa = PBXGroup;
			children = (
				CE5A78D22122E0EA00D36B8A /* CardSample.app */,
			);
			name = Products;
			sourceTree = "<group>";
		};
		CE5A78D42122E0EA00D36B8A /* CardSample */ = {
			isa = PBXGroup;
			children = (
				CEB41449212579AD004E373A /* View */,
				CE5A78EC2122E16600D36B8A /* ViewControllers */,
				CE5A78EB2122E15D00D36B8A /* Models */,
				CE5A78EA2122E12000D36B8A /* Supporting files */,
				CE5A78D92122E0EA00D36B8A /* Main.storyboard */,
				CE5A78E42122E10E00D36B8A /* Info.plist */,
				CE5A78DC2122E0EA00D36B8A /* CardSample.xcdatamodeld */,
			);
			path = CardSample;
			sourceTree = "<group>";
		};
		CE5A78EA2122E12000D36B8A /* Supporting files */ = {
			isa = PBXGroup;
			children = (
				CE5A78D52122E0EA00D36B8A /* AppDelegate.swift */,
				CE5A78DF2122E10E00D36B8A /* Assets.xcassets */,
				CE5A78E12122E10E00D36B8A /* LaunchScreen.storyboard */,
			);
			path = "Supporting files";
			sourceTree = "<group>";
		};
		CE5A78EB2122E15D00D36B8A /* Models */ = {
			isa = PBXGroup;
			children = (
			);
			path = Models;
			sourceTree = "<group>";
		};
		CE5A78EC2122E16600D36B8A /* ViewControllers */ = {
			isa = PBXGroup;
			children = (
				CE5A78D72122E0EA00D36B8A /* ViewController.swift */,
			);
			path = ViewControllers;
			sourceTree = "<group>";
		};
		CEB41449212579AD004E373A /* View */ = {
			isa = PBXGroup;
			children = (
				CEB41447212579A8004E373A /* ExpireDateTextField.swift */,
			);
			path = View;
			sourceTree = "<group>";
		};
/* End PBXGroup section */

/* Begin PBXNativeTarget section */
		CE5A78D12122E0EA00D36B8A /* CardSample */ = {
			isa = PBXNativeTarget;
			buildConfigurationList = CE5A78E72122E10E00D36B8A /* Build configuration list for PBXNativeTarget "CardSample" */;
			buildPhases = (
				CE5A78CE2122E0EA00D36B8A /* Sources */,
				CE5A78CF2122E0EA00D36B8A /* Frameworks */,
				CE5A78D02122E0EA00D36B8A /* Resources */,
			);
			buildRules = (
			);
			dependencies = (
			);
			name = CardSample;
			productName = CardSample;
			productReference = CE5A78D22122E0EA00D36B8A /* CardSample.app */;
			productType = "com.apple.product-type.application";
		};
/* End PBXNativeTarget section */

/* Begin PBXProject section */
		CE5A78CA2122E0EA00D36B8A /* Project object */ = {
			isa = PBXProject;
			attributes = {
				LastSwiftUpdateCheck = 0940;
				LastUpgradeCheck = 0940;
				ORGANIZATIONNAME = "Alina Zaitseva";
				TargetAttributes = {
					CE5A78D12122E0EA00D36B8A = {
						CreatedOnToolsVersion = 9.4;
					};
				};
			};
			buildConfigurationList = CE5A78CD2122E0EA00D36B8A /* Build configuration list for PBXProject "CardSample" */;
			compatibilityVersion = "Xcode 9.3";
			developmentRegion = en;
			hasScannedForEncodings = 0;
			knownRegions = (
				en,
				Base,
			);
			mainGroup = CE5A78C92122E0EA00D36B8A;
			productRefGroup = CE5A78D32122E0EA00D36B8A /* Products */;
			projectDirPath = "";
			projectRoot = "";
			targets = (
				CE5A78D12122E0EA00D36B8A /* CardSample */,
			);
		};
/* End PBXProject section */

/* Begin PBXResourcesBuildPhase section */
		CE5A78D02122E0EA00D36B8A /* Resources */ = {
			isa = PBXResourcesBuildPhase;
			buildActionMask = 2147483647;
			files = (
				CE5A78E32122E10E00D36B8A /* LaunchScreen.storyboard in Resources */,
				CE5A78E02122E10E00D36B8A /* Assets.xcassets in Resources */,
				CE5A78DB2122E0EA00D36B8A /* Main.storyboard in Resources */,
			);
			runOnlyForDeploymentPostprocessing = 0;
		};
/* End PBXResourcesBuildPhase section */

/* Begin PBXSourcesBuildPhase section */
		CE5A78CE2122E0EA00D36B8A /* Sources */ = {
			isa = PBXSourcesBuildPhase;
			buildActionMask = 2147483647;
			files = (
				CEB41448212579A8004E373A /* ExpireDateTextField.swift in Sources */,
				CE5A78DE2122E0EA00D36B8A /* CardSample.xcdatamodeld in Sources */,
				CE5A78D82122E0EA00D36B8A /* ViewController.swift in Sources */,
				CE5A78D62122E0EA00D36B8A /* AppDelegate.swift in Sources */,
			);
			runOnlyForDeploymentPostprocessing = 0;
		};
/* End PBXSourcesBuildPhase section */

/* Begin PBXVariantGroup section */
		CE5A78D92122E0EA00D36B8A /* Main.storyboard */ = {
			isa = PBXVariantGroup;
			children = (
				CE5A78DA2122E0EA00D36B8A /* Base */,
			);
			name = Main.storyboard;
			sourceTree = "<group>";
		};
		CE5A78E12122E10E00D36B8A /* LaunchScreen.storyboard */ = {
			isa = PBXVariantGroup;
			children = (
				CE5A78E22122E10E00D36B8A /* Base */,
			);
			name = LaunchScreen.storyboard;
			sourceTree = "<group>";
		};
/* End PBXVariantGroup section */

/* Begin XCBuildConfiguration section */
		CE5A78E52122E10E00D36B8A /* Debug */ = {
			isa = XCBuildConfiguration;
			buildSettings = {
				ALWAYS_SEARCH_USER_PATHS = NO;
				CLANG_ANALYZER_NONNULL = YES;
				CLANG_ANALYZER_NUMBER_OBJECT_CONVERSION = YES_AGGRESSIVE;
				CLANG_CXX_LANGUAGE_STANDARD = "gnu++14";
				CLANG_CXX_LIBRARY = "libc++";
				CLANG_ENABLE_MODULES = YES;
				CLANG_ENABLE_OBJC_ARC = YES;
				CLANG_ENABLE_OBJC_WEAK = YES;
				CLANG_WARN_BLOCK_CAPTURE_AUTORELEASING = YES;
				CLANG_WARN_BOOL_CONVERSION = YES;
				CLANG_WARN_COMMA = YES;
				CLANG_WARN_CONSTANT_CONVERSION = YES;
				CLANG_WARN_DEPRECATED_OBJC_IMPLEMENTATIONS = YES;
				CLANG_WARN_DIRECT_OBJC_ISA_USAGE = YES_ERROR;
				CLANG_WARN_DOCUMENTATION_COMMENTS = YES;
				CLANG_WARN_EMPTY_BODY = YES;
				CLANG_WARN_ENUM_CONVERSION = YES;
				CLANG_WARN_INFINITE_RECURSION = YES;
				CLANG_WARN_INT_CONVERSION = YES;
				CLANG_WARN_NON_LITERAL_NULL_CONVERSION = YES;
				CLANG_WARN_OBJC_IMPLICIT_RETAIN_SELF = YES;
				CLANG_WARN_OBJC_LITERAL_CONVERSION = YES;
				CLANG_WARN_OBJC_ROOT_CLASS = YES_ERROR;
				CLANG_WARN_RANGE_LOOP_ANALYSIS = YES;
				CLANG_WARN_STRICT_PROTOTYPES = YES;
				CLANG_WARN_SUSPICIOUS_MOVE = YES;
				CLANG_WARN_UNGUARDED_AVAILABILITY = YES_AGGRESSIVE;
				CLANG_WARN_UNREACHABLE_CODE = YES;
				CLANG_WARN__DUPLICATE_METHOD_MATCH = YES;
				CODE_SIGN_IDENTITY = "iPhone Developer";
				COPY_PHASE_STRIP = NO;
				DEBUG_INFORMATION_FORMAT = dwarf;
				ENABLE_STRICT_OBJC_MSGSEND = YES;
				ENABLE_TESTABILITY = YES;
				GCC_C_LANGUAGE_STANDARD = gnu11;
				GCC_DYNAMIC_NO_PIC = NO;
				GCC_NO_COMMON_BLOCKS = YES;
				GCC_OPTIMIZATION_LEVEL = 0;
				GCC_PREPROCESSOR_DEFINITIONS = (
					"DEBUG=1",
					"$(inherited)",
				);
				GCC_WARN_64_TO_32_BIT_CONVERSION = YES;
				GCC_WARN_ABOUT_RETURN_TYPE = YES_ERROR;
				GCC_WARN_UNDECLARED_SELECTOR = YES;
				GCC_WARN_UNINITIALIZED_AUTOS = YES_AGGRESSIVE;
				GCC_WARN_UNUSED_FUNCTION = YES;
				GCC_WARN_UNUSED_VARIABLE = YES;
				IPHONEOS_DEPLOYMENT_TARGET = 11.4;
				MTL_ENABLE_DEBUG_INFO = YES;
				ONLY_ACTIVE_ARCH = YES;
				SDKROOT = iphoneos;
				SWIFT_ACTIVE_COMPILATION_CONDITIONS = DEBUG;
				SWIFT_OPTIMIZATION_LEVEL = "-Onone";
			};
			name = Debug;
		};
		CE5A78E62122E10E00D36B8A /* Release */ = {
			isa = XCBuildConfiguration;
			buildSettings = {
				ALWAYS_SEARCH_USER_PATHS = NO;
				CLANG_ANALYZER_NONNULL = YES;
				CLANG_ANALYZER_NUMBER_OBJECT_CONVERSION = YES_AGGRESSIVE;
				CLANG_CXX_LANGUAGE_STANDARD = "gnu++14";
				CLANG_CXX_LIBRARY = "libc++";
				CLANG_ENABLE_MODULES = YES;
				CLANG_ENABLE_OBJC_ARC = YES;
				CLANG_ENABLE_OBJC_WEAK = YES;
				CLANG_WARN_BLOCK_CAPTURE_AUTORELEASING = YES;
				CLANG_WARN_BOOL_CONVERSION = YES;
				CLANG_WARN_COMMA = YES;
				CLANG_WARN_CONSTANT_CONVERSION = YES;
				CLANG_WARN_DEPRECATED_OBJC_IMPLEMENTATIONS = YES;
				CLANG_WARN_DIRECT_OBJC_ISA_USAGE = YES_ERROR;
				CLANG_WARN_DOCUMENTATION_COMMENTS = YES;
				CLANG_WARN_EMPTY_BODY = YES;
				CLANG_WARN_ENUM_CONVERSION = YES;
				CLANG_WARN_INFINITE_RECURSION = YES;
				CLANG_WARN_INT_CONVERSION = YES;
				CLANG_WARN_NON_LITERAL_NULL_CONVERSION = YES;
				CLANG_WARN_OBJC_IMPLICIT_RETAIN_SELF = YES;
				CLANG_WARN_OBJC_LITERAL_CONVERSION = YES;
				CLANG_WARN_OBJC_ROOT_CLASS = YES_ERROR;
				CLANG_WARN_RANGE_LOOP_ANALYSIS = YES;
				CLANG_WARN_STRICT_PROTOTYPES = YES;
				CLANG_WARN_SUSPICIOUS_MOVE = YES;
				CLANG_WARN_UNGUARDED_AVAILABILITY = YES_AGGRESSIVE;
				CLANG_WARN_UNREACHABLE_CODE = YES;
				CLANG_WARN__DUPLICATE_METHOD_MATCH = YES;
				CODE_SIGN_IDENTITY = "iPhone Developer";
				COPY_PHASE_STRIP = NO;
				DEBUG_INFORMATION_FORMAT = "dwarf-with-dsym";
				ENABLE_NS_ASSERTIONS = NO;
				ENABLE_STRICT_OBJC_MSGSEND = YES;
				GCC_C_LANGUAGE_STANDARD = gnu11;
				GCC_NO_COMMON_BLOCKS = YES;
				GCC_WARN_64_TO_32_BIT_CONVERSION = YES;
				GCC_WARN_ABOUT_RETURN_TYPE = YES_ERROR;
				GCC_WARN_UNDECLARED_SELECTOR = YES;
				GCC_WARN_UNINITIALIZED_AUTOS = YES_AGGRESSIVE;
				GCC_WARN_UNUSED_FUNCTION = YES;
				GCC_WARN_UNUSED_VARIABLE = YES;
				IPHONEOS_DEPLOYMENT_TARGET = 11.4;
				MTL_ENABLE_DEBUG_INFO = NO;
				SDKROOT = iphoneos;
				SWIFT_COMPILATION_MODE = wholemodule;
				SWIFT_OPTIMIZATION_LEVEL = "-O";
				VALIDATE_PRODUCT = YES;
			};
			name = Release;
		};
		CE5A78E82122E10E00D36B8A /* Debug */ = {
			isa = XCBuildConfiguration;
			buildSettings = {
				ASSETCATALOG_COMPILER_APPICON_NAME = AppIcon;
				CODE_SIGN_STYLE = Automatic;
				DEVELOPMENT_TEAM = PQ4JD7QCGM;
				INFOPLIST_FILE = CardSample/Info.plist;
				LD_RUNPATH_SEARCH_PATHS = (
					"$(inherited)",
					"@executable_path/Frameworks",
				);
				PRODUCT_BUNDLE_IDENTIFIER = "-.CardSample";
				PRODUCT_NAME = "$(TARGET_NAME)";
				SWIFT_VERSION = 4.0;
				TARGETED_DEVICE_FAMILY = "1,2";
			};
			name = Debug;
		};
		CE5A78E92122E10E00D36B8A /* Release */ = {
			isa = XCBuildConfiguration;
			buildSettings = {
				ASSETCATALOG_COMPILER_APPICON_NAME = AppIcon;
				CODE_SIGN_STYLE = Automatic;
				DEVELOPMENT_TEAM = PQ4JD7QCGM;
				INFOPLIST_FILE = CardSample/Info.plist;
				LD_RUNPATH_SEARCH_PATHS = (
					"$(inherited)",
					"@executable_path/Frameworks",
				);
				PRODUCT_BUNDLE_IDENTIFIER = "-.CardSample";
				PRODUCT_NAME = "$(TARGET_NAME)";
				SWIFT_VERSION = 4.0;
				TARGETED_DEVICE_FAMILY = "1,2";
			};
			name = Release;
		};
/* End XCBuildConfiguration section */

/* Begin XCConfigurationList section */
		CE5A78CD2122E0EA00D36B8A /* Build configuration list for PBXProject "CardSample" */ = {
			isa = XCConfigurationList;
			buildConfigurations = (
				CE5A78E52122E10E00D36B8A /* Debug */,
				CE5A78E62122E10E00D36B8A /* Release */,
			);
			defaultConfigurationIsVisible = 0;
			defaultConfigurationName = Release;
		};
		CE5A78E72122E10E00D36B8A /* Build configuration list for PBXNativeTarget "CardSample" */ = {
			isa = XCConfigurationList;
			buildConfigurations = (
				CE5A78E82122E10E00D36B8A /* Debug */,
				CE5A78E92122E10E00D36B8A /* Release */,
			);
			defaultConfigurationIsVisible = 0;
			defaultConfigurationName = Release;
		};
/* End XCConfigurationList section */

/* Begin XCVersionGroup section */
		CE5A78DC2122E0EA00D36B8A /* CardSample.xcdatamodeld */ = {
			isa = XCVersionGroup;
			children = (
				CE5A78DD2122E0EA00D36B8A /* CardSample.xcdatamodel */,
			);
			currentVersion = CE5A78DD2122E0EA00D36B8A /* CardSample.xcdatamodel */;
			path = CardSample.xcdatamodeld;
			sourceTree = "<group>";
			versionGroupType = wrapper.xcdatamodel;
		};
/* End XCVersionGroup section */
	};
	rootObject = CE5A78CA2122E0EA00D36B8A /* Project object */;
}
